{
  "name": "vyn-web-client",
  "lockfileVersion": 3,
  "requires": true,
  "packages": {
    "": {
      "name": "vyn-web-client",
      "dependencies": {
        "@bosca/auth-client-browser": "file:../../web/packages/auth"
      }
    },
    "../../web/packages/auth": {},
    "node_modules/@bosca/auth-client-browser": {
      "resolved": "../../web/packages/auth",
      "link": true
    }
  }
}
