dependencies:
- name: bosca-common
  repository: file://../bosca-common
  version: 0.1.0
- name: bosca-server
  repository: file://../bosca-server
  version: 0.1.0
- name: bosca-runner
  repository: file://../bosca-runner
  version: 0.1.0
- name: bosca-studio
  repository: file://../bosca-studio
  version: 0.1.0
- name: bosca-kubernetes-controller
  repository: file://../bosca-kubernetes-controller
  version: 0.1.0
- name: bosca-artifacts-server
  repository: file://../bosca-artifacts-server
  version: 0.1.0
- name: bosca-git-server
  repository: file://../bosca-git-server
  version: 0.1.0
- name: bosca-collector
  repository: file://../bosca-collector
  version: 0.1.0
- name: bml-message-server
  repository: file://../bml-message-server
  version: 0.1.0
- name: bosca-gateway
  repository: file://../bosca-gateway
  version: 0.1.0
- name: bosca-io
  repository: file://../bosca-io
  version: 0.1.0
- name: notifications-web
  repository: file://../notifications-web
  version: 0.1.0
- name: profiles-web
  repository: file://../profiles-web
  version: 0.1.0
- name: imageprocessor
  repository: file://../imageprocessor
  version: 0.1.0
- name: tf-serving
  repository: file://../tf-serving
  version: 0.1.0
- name: recommendation-trainer
  repository: file://../recommendation-trainer
  version: 0.1.0
- name: text-embeddings-inference
  repository: file://../text-embeddings-inference
  version: 0.1.2
digest: sha256:7458bfca61f522b8688a5979d3e4e305fe46531c9078a8b642cecf819b8296ca
generated: "2026-09-29T22:57:19.003543-05:00"
